// !$*UTF8*$!
{
	archiveVersion = 1;
	classes = {
	};
	objectVersion = 56;
	objects = {

/* Begin PBXBuildFile section */
		700257952B302DC300AF58FD /* RMGetAllCharactersResponse.swift in Sources */ = {isa = PBXBuildFile; fileRef = 700257942B302DC300AF58FD /* RMGetAllCharactersResponse.swift */; };
		700257972B30317700AF58FD /* CharacterListViewViewModel.swift in Sources */ = {isa = PBXBuildFile; fileRef = 700257962B30317700AF58FD /* CharacterListViewViewModel.swift */; };
		700257992B3031EE00AF58FD /* CharacterListView.swift in Sources */ = {isa = PBXBuildFile; fileRef = 700257982B3031EE00AF58FD /* CharacterListView.swift */; };
		701A82352B2F271700D92E5E /* RMEndpoint.swift in Sources */ = {isa = PBXBuildFile; fileRef = 701A82342B2F271700D92E5E /* RMEndpoint.swift */; };
		701A82372B2F445A00D92E5E /* RMOrigin.swift in Sources */ = {isa = PBXBuildFile; fileRef = 701A82362B2F445A00D92E5E /* RMOrigin.swift */; };
		701A82392B2F44F800D92E5E /* RMSingleLocation.swift in Sources */ = {isa = PBXBuildFile; fileRef = 701A82382B2F44F800D92E5E /* RMSingleLocation.swift */; };
		701A823B2B2F462100D92E5E /* RMCharacterStatus.swift in Sources */ = {isa = PBXBuildFile; fileRef = 701A823A2B2F462100D92E5E /* RMCharacterStatus.swift */; };
		701A823D2B2F466400D92E5E /* RMCharacterGender.swift in Sources */ = {isa = PBXBuildFile; fileRef = 701A823C2B2F466400D92E5E /* RMCharacterGender.swift */; };
		702C11292B303A4A00040B55 /* Extensions.swift in Sources */ = {isa = PBXBuildFile; fileRef = 702C11282B303A4A00040B55 /* Extensions.swift */; };
		706541E82B2EC78400A63E94 /* AppDelegate.swift in Sources */ = {isa = PBXBuildFile; fileRef = 706541E72B2EC78400A63E94 /* AppDelegate.swift */; };
		706541EA2B2EC78400A63E94 /* SceneDelegate.swift in Sources */ = {isa = PBXBuildFile; fileRef = 706541E92B2EC78400A63E94 /* SceneDelegate.swift */; };
		706541EC2B2EC78400A63E94 /* RMTabBarController.swift in Sources */ = {isa = PBXBuildFile; fileRef = 706541EB2B2EC78400A63E94 /* RMTabBarController.swift */; };
		706541F12B2EC78500A63E94 /* Assets.xcassets in Resources */ = {isa = PBXBuildFile; fileRef = 706541F02B2EC78500A63E94 /* Assets.xcassets */; };
		706541F42B2EC78500A63E94 /* LaunchScreen.storyboard in Resources */ = {isa = PBXBuildFile; fileRef = 706541F22B2EC78500A63E94 /* LaunchScreen.storyboard */; };
		706542032B2ECC5F00A63E94 /* RMLocation.swift in Sources */ = {isa = PBXBuildFile; fileRef = 706542022B2ECC5F00A63E94 /* RMLocation.swift */; };
		706542052B2ECC6B00A63E94 /* RMCharacter.swift in Sources */ = {isa = PBXBuildFile; fileRef = 706542042B2ECC6B00A63E94 /* RMCharacter.swift */; };
		706542072B2ECC7B00A63E94 /* RMEpisode.swift in Sources */ = {isa = PBXBuildFile; fileRef = 706542062B2ECC7B00A63E94 /* RMEpisode.swift */; };
		7065420A2B2ECCEC00A63E94 /* RMCharacterViewController.swift in Sources */ = {isa = PBXBuildFile; fileRef = 706542092B2ECCEC00A63E94 /* RMCharacterViewController.swift */; };
		7065420C2B2ECCF800A63E94 /* RMLocationViewController.swift in Sources */ = {isa = PBXBuildFile; fileRef = 7065420B2B2ECCF800A63E94 /* RMLocationViewController.swift */; };
		7065420E2B2ECD3700A63E94 /* RMEpisodeViewController.swift in Sources */ = {isa = PBXBuildFile; fileRef = 7065420D2B2ECD3700A63E94 /* RMEpisodeViewController.swift */; };
		706542102B2ECD4100A63E94 /* RMSettingsViewController.swift in Sources */ = {isa = PBXBuildFile; fileRef = 7065420F2B2ECD4100A63E94 /* RMSettingsViewController.swift */; };
		706542122B2ED6CF00A63E94 /* RMService.swift in Sources */ = {isa = PBXBuildFile; fileRef = 706542112B2ED6CF00A63E94 /* RMService.swift */; };
		706542142B2ED6DF00A63E94 /* RMRequest.swift in Sources */ = {isa = PBXBuildFile; fileRef = 706542132B2ED6DF00A63E94 /* RMRequest.swift */; };
/* End PBXBuildFile section */

/* Begin PBXFileReference section */
		700257942B302DC300AF58FD /* RMGetAllCharactersResponse.swift */ = {isa = PBXFileReference; lastKnownFileType = sourcecode.swift; path = RMGetAllCharactersResponse.swift; sourceTree = "<group>"; };
		700257962B30317700AF58FD /* CharacterListViewViewModel.swift */ = {isa = PBXFileReference; lastKnownFileType = sourcecode.swift; path = CharacterListViewViewModel.swift; sourceTree = "<group>"; };
		700257982B3031EE00AF58FD /* CharacterListView.swift */ = {isa = PBXFileReference; lastKnownFileType = sourcecode.swift; path = CharacterListView.swift; sourceTree = "<group>"; };
		701A82342B2F271700D92E5E /* RMEndpoint.swift */ = {isa = PBXFileReference; lastKnownFileType = sourcecode.swift; path = RMEndpoint.swift; sourceTree = "<group>"; };
		701A82362B2F445A00D92E5E /* RMOrigin.swift */ = {isa = PBXFileReference; lastKnownFileType = sourcecode.swift; path = RMOrigin.swift; sourceTree = "<group>"; };
		701A82382B2F44F800D92E5E /* RMSingleLocation.swift */ = {isa = PBXFileReference; lastKnownFileType = sourcecode.swift; path = RMSingleLocation.swift; sourceTree = "<group>"; };
		701A823A2B2F462100D92E5E /* RMCharacterStatus.swift */ = {isa = PBXFileReference; lastKnownFileType = sourcecode.swift; path = RMCharacterStatus.swift; sourceTree = "<group>"; };
		701A823C2B2F466400D92E5E /* RMCharacterGender.swift */ = {isa = PBXFileReference; lastKnownFileType = sourcecode.swift; path = RMCharacterGender.swift; sourceTree = "<group>"; };
		702C11282B303A4A00040B55 /* Extensions.swift */ = {isa = PBXFileReference; lastKnownFileType = sourcecode.swift; path = Extensions.swift; sourceTree = "<group>"; };
		706541E42B2EC78400A63E94 /* RickAndMorty.app */ = {isa = PBXFileReference; explicitFileType = wrapper.application; includeInIndex = 0; path = RickAndMorty.app; sourceTree = BUILT_PRODUCTS_DIR; };
		706541E72B2EC78400A63E94 /* AppDelegate.swift */ = {isa = PBXFileReference; lastKnownFileType = sourcecode.swift; path = AppDelegate.swift; sourceTree = "<group>"; };
		706541E92B2EC78400A63E94 /* SceneDelegate.swift */ = {isa = PBXFileReference; lastKnownFileType = sourcecode.swift; path = SceneDelegate.swift; sourceTree = "<group>"; };
		706541EB2B2EC78400A63E94 /* RMTabBarController.swift */ = {isa = PBXFileReference; lastKnownFileType = sourcecode.swift; path = RMTabBarController.swift; sourceTree = "<group>"; };
		706541F02B2EC78500A63E94 /* Assets.xcassets */ = {isa = PBXFileReference; lastKnownFileType = folder.assetcatalog; path = Assets.xcassets; sourceTree = "<group>"; };
		706541F32B2EC78500A63E94 /* Base */ = {isa = PBXFileReference; lastKnownFileType = file.storyboard; name = Base; path = Base.lproj/LaunchScreen.storyboard; sourceTree = "<group>"; };
		706541F52B2EC78500A63E94 /* Info.plist */ = {isa = PBXFileReference; lastKnownFileType = text.plist.xml; path = Info.plist; sourceTree = "<group>"; };
		706542022B2ECC5F00A63E94 /* RMLocation.swift */ = {isa = PBXFileReference; lastKnownFileType = sourcecode.swift; path = RMLocation.swift; sourceTree = "<group>"; };
		706542042B2ECC6B00A63E94 /* RMCharacter.swift */ = {isa = PBXFileReference; lastKnownFileType = sourcecode.swift; path = RMCharacter.swift; sourceTree = "<group>"; };
		706542062B2ECC7B00A63E94 /* RMEpisode.swift */ = {isa = PBXFileReference; lastKnownFileType = sourcecode.swift; path = RMEpisode.swift; sourceTree = "<group>"; };
		706542092B2ECCEC00A63E94 /* RMCharacterViewController.swift */ = {isa = PBXFileReference; lastKnownFileType = sourcecode.swift; path = RMCharacterViewController.swift; sourceTree = "<group>"; };
		7065420B2B2ECCF800A63E94 /* RMLocationViewController.swift */ = {isa = PBXFileReference; lastKnownFileType = sourcecode.swift; path = RMLocationViewController.swift; sourceTree = "<group>"; };
		7065420D2B2ECD3700A63E94 /* RMEpisodeViewController.swift */ = {isa = PBXFileReference; lastKnownFileType = sourcecode.swift; name = RMEpisodeViewController.swift; path = RickAndMorty/Controllers/RMEpisodeViewController.swift; sourceTree = SOURCE_ROOT; };
		7065420F2B2ECD4100A63E94 /* RMSettingsViewController.swift */ = {isa = PBXFileReference; lastKnownFileType = sourcecode.swift; path = RMSettingsViewController.swift; sourceTree = "<group>"; };
		706542112B2ED6CF00A63E94 /* RMService.swift */ = {isa = PBXFileReference; lastKnownFileType = sourcecode.swift; path = RMService.swift; sourceTree = "<group>"; };
		706542132B2ED6DF00A63E94 /* RMRequest.swift */ = {isa = PBXFileReference; lastKnownFileType = sourcecode.swift; path = RMRequest.swift; sourceTree = "<group>"; };
/* End PBXFileReference section */

/* Begin PBXFrameworksBuildPhase section */
		706541E12B2EC78400A63E94 /* Frameworks */ = {
			isa = PBXFrameworksBuildPhase;
			buildActionMask = 2147483647;
			files = (
			);
			runOnlyForDeploymentPostprocessing = 0;
		};
/* End PBXFrameworksBuildPhase section */

/* Begin PBXGroup section */
		700257922B302D8D00AF58FD /* DataTypes */ = {
			isa = PBXGroup;
			children = (
				706542022B2ECC5F00A63E94 /* RMLocation.swift */,
				706542042B2ECC6B00A63E94 /* RMCharacter.swift */,
				706542062B2ECC7B00A63E94 /* RMEpisode.swift */,
				701A82362B2F445A00D92E5E /* RMOrigin.swift */,
				701A82382B2F44F800D92E5E /* RMSingleLocation.swift */,
				701A823A2B2F462100D92E5E /* RMCharacterStatus.swift */,
				701A823C2B2F466400D92E5E /* RMCharacterGender.swift */,
			);
			path = DataTypes;
			sourceTree = "<group>";
		};
		700257932B302D9E00AF58FD /* APIResponseTypes */ = {
			isa = PBXGroup;
			children = (
				700257942B302DC300AF58FD /* RMGetAllCharactersResponse.swift */,
			);
			path = APIResponseTypes;
			sourceTree = "<group>";
		};
		706541DB2B2EC78400A63E94 = {
			isa = PBXGroup;
			children = (
				706541E62B2EC78400A63E94 /* RickAndMorty */,
				706541E52B2EC78400A63E94 /* Products */,
			);
			sourceTree = "<group>";
		};
		706541E52B2EC78400A63E94 /* Products */ = {
			isa = PBXGroup;
			children = (
				706541E42B2EC78400A63E94 /* RickAndMorty.app */,
			);
			name = Products;
			sourceTree = "<group>";
		};
		706541E62B2EC78400A63E94 /* RickAndMorty */ = {
			isa = PBXGroup;
			children = (
				706542012B2ECA6600A63E94 /* Resources */,
				706542002B2ECA5C00A63E94 /* Managers */,
				706541FF2B2ECA4A00A63E94 /* APIClient */,
				706541FE2B2ECA3900A63E94 /* ViewModels */,
				706541FD2B2ECA2800A63E94 /* Views */,
				706541FC2B2ECA1F00A63E94 /* Models */,
				706541FB2B2ECA1600A63E94 /* Controllers */,
				706541F52B2EC78500A63E94 /* Info.plist */,
			);
			path = RickAndMorty;
			sourceTree = "<group>";
		};
		706541FB2B2ECA1600A63E94 /* Controllers */ = {
			isa = PBXGroup;
			children = (
				706542082B2ECCBA00A63E94 /* Core */,
			);
			path = Controllers;
			sourceTree = "<group>";
		};
		706541FC2B2ECA1F00A63E94 /* Models */ = {
			isa = PBXGroup;
			children = (
				700257932B302D9E00AF58FD /* APIResponseTypes */,
				700257922B302D8D00AF58FD /* DataTypes */,
			);
			path = Models;
			sourceTree = "<group>";
		};
		706541FD2B2ECA2800A63E94 /* Views */ = {
			isa = PBXGroup;
			children = (
				700257982B3031EE00AF58FD /* CharacterListView.swift */,
			);
			path = Views;
			sourceTree = "<group>";
		};
		706541FE2B2ECA3900A63E94 /* ViewModels */ = {
			isa = PBXGroup;
			children = (
				700257962B30317700AF58FD /* CharacterListViewViewModel.swift */,
			);
			path = ViewModels;
			sourceTree = "<group>";
		};
		706541FF2B2ECA4A00A63E94 /* APIClient */ = {
			isa = PBXGroup;
			children = (
				706542112B2ED6CF00A63E94 /* RMService.swift */,
				706542132B2ED6DF00A63E94 /* RMRequest.swift */,
				701A82342B2F271700D92E5E /* RMEndpoint.swift */,
			);
			path = APIClient;
			sourceTree = "<group>";
		};
		706542002B2ECA5C00A63E94 /* Managers */ = {
			isa = PBXGroup;
			children = (
			);
			path = Managers;
			sourceTree = "<group>";
		};
		706542012B2ECA6600A63E94 /* Resources */ = {
			isa = PBXGroup;
			children = (
				706541F02B2EC78500A63E94 /* Assets.xcassets */,
				706541F22B2EC78500A63E94 /* LaunchScreen.storyboard */,
				706541E72B2EC78400A63E94 /* AppDelegate.swift */,
				706541E92B2EC78400A63E94 /* SceneDelegate.swift */,
				702C11282B303A4A00040B55 /* Extensions.swift */,
			);
			path = Resources;
			sourceTree = "<group>";
		};
		706542082B2ECCBA00A63E94 /* Core */ = {
			isa = PBXGroup;
			children = (
				706541EB2B2EC78400A63E94 /* RMTabBarController.swift */,
				706542092B2ECCEC00A63E94 /* RMCharacterViewController.swift */,
				7065420B2B2ECCF800A63E94 /* RMLocationViewController.swift */,
				7065420D2B2ECD3700A63E94 /* RMEpisodeViewController.swift */,
				7065420F2B2ECD4100A63E94 /* RMSettingsViewController.swift */,
			);
			path = Core;
			sourceTree = "<group>";
		};
/* End PBXGroup section */

/* Begin PBXNativeTarget section */
		706541E32B2EC78400A63E94 /* RickAndMorty */ = {
			isa = PBXNativeTarget;
			buildConfigurationList = 706541F82B2EC78500A63E94 /* Build configuration list for PBXNativeTarget "RickAndMorty" */;
			buildPhases = (
				706541E02B2EC78400A63E94 /* Sources */,
				706541E12B2EC78400A63E94 /* Frameworks */,
				706541E22B2EC78400A63E94 /* Resources */,
			);
			buildRules = (
			);
			dependencies = (
			);
			name = RickAndMorty;
			productName = RickAndMorty;
			productReference = 706541E42B2EC78400A63E94 /* RickAndMorty.app */;
			productType = "com.apple.product-type.application";
		};
/* End PBXNativeTarget section */

/* Begin PBXProject section */
		706541DC2B2EC78400A63E94 /* Project object */ = {
			isa = PBXProject;
			attributes = {
				BuildIndependentTargetsInParallel = 1;
				LastSwiftUpdateCheck = 1500;
				LastUpgradeCheck = 1500;
				TargetAttributes = {
					706541E32B2EC78400A63E94 = {
						CreatedOnToolsVersion = 15.0.1;
					};
				};
			};
			buildConfigurationList = 706541DF2B2EC78400A63E94 /* Build configuration list for PBXProject "RickAndMorty" */;
			compatibilityVersion = "Xcode 14.0";
			developmentRegion = en;
			hasScannedForEncodings = 0;
			knownRegions = (
				en,
				Base,
			);
			mainGroup = 706541DB2B2EC78400A63E94;
			productRefGroup = 706541E52B2EC78400A63E94 /* Products */;
			projectDirPath = "";
			projectRoot = "";
			targets = (
				706541E32B2EC78400A63E94 /* RickAndMorty */,
			);
		};
/* End PBXProject section */

/* Begin PBXResourcesBuildPhase section */
		706541E22B2EC78400A63E94 /* Resources */ = {
			isa = PBXResourcesBuildPhase;
			buildActionMask = 2147483647;
			files = (
				706541F42B2EC78500A63E94 /* LaunchScreen.storyboard in Resources */,
				706541F12B2EC78500A63E94 /* Assets.xcassets in Resources */,
			);
			runOnlyForDeploymentPostprocessing = 0;
		};
/* End PBXResourcesBuildPhase section */

/* Begin PBXSourcesBuildPhase section */
		706541E02B2EC78400A63E94 /* Sources */ = {
			isa = PBXSourcesBuildPhase;
			buildActionMask = 2147483647;
			files = (
				700257952B302DC300AF58FD /* RMGetAllCharactersResponse.swift in Sources */,
				701A82372B2F445A00D92E5E /* RMOrigin.swift in Sources */,
				700257992B3031EE00AF58FD /* CharacterListView.swift in Sources */,
				701A82392B2F44F800D92E5E /* RMSingleLocation.swift in Sources */,
				701A823B2B2F462100D92E5E /* RMCharacterStatus.swift in Sources */,
				701A823D2B2F466400D92E5E /* RMCharacterGender.swift in Sources */,
				7065420C2B2ECCF800A63E94 /* RMLocationViewController.swift in Sources */,
				706542072B2ECC7B00A63E94 /* RMEpisode.swift in Sources */,
				706541EC2B2EC78400A63E94 /* RMTabBarController.swift in Sources */,
				7065420E2B2ECD3700A63E94 /* RMEpisodeViewController.swift in Sources */,
				706541E82B2EC78400A63E94 /* AppDelegate.swift in Sources */,
				706541EA2B2EC78400A63E94 /* SceneDelegate.swift in Sources */,
				706542102B2ECD4100A63E94 /* RMSettingsViewController.swift in Sources */,
				702C11292B303A4A00040B55 /* Extensions.swift in Sources */,
				706542122B2ED6CF00A63E94 /* RMService.swift in Sources */,
				706542032B2ECC5F00A63E94 /* RMLocation.swift in Sources */,
				701A82352B2F271700D92E5E /* RMEndpoint.swift in Sources */,
				706542052B2ECC6B00A63E94 /* RMCharacter.swift in Sources */,
				706542142B2ED6DF00A63E94 /* RMRequest.swift in Sources */,
				700257972B30317700AF58FD /* CharacterListViewViewModel.swift in Sources */,
				7065420A2B2ECCEC00A63E94 /* RMCharacterViewController.swift in Sources */,
			);
			runOnlyForDeploymentPostprocessing = 0;
		};
/* End PBXSourcesBuildPhase section */

/* Begin PBXVariantGroup section */
		706541F22B2EC78500A63E94 /* LaunchScreen.storyboard */ = {
			isa = PBXVariantGroup;
			children = (
				706541F32B2EC78500A63E94 /* Base */,
			);
			name = LaunchScreen.storyboard;
			sourceTree = "<group>";
		};
/* End PBXVariantGroup section */

/* Begin XCBuildConfiguration section */
		706541F62B2EC78500A63E94 /* Debug */ = {
			isa = XCBuildConfiguration;
			buildSettings = {
				ALWAYS_SEARCH_USER_PATHS = NO;
				ASSETCATALOG_COMPILER_GENERATE_SWIFT_ASSET_SYMBOL_EXTENSIONS = YES;
				CLANG_ANALYZER_NONNULL = YES;
				CLANG_ANALYZER_NUMBER_OBJECT_CONVERSION = YES_AGGRESSIVE;
				CLANG_CXX_LANGUAGE_STANDARD = "gnu++20";
				CLANG_ENABLE_MODULES = YES;
				CLANG_ENABLE_OBJC_ARC = YES;
				CLANG_ENABLE_OBJC_WEAK = YES;
				CLANG_WARN_BLOCK_CAPTURE_AUTORELEASING = YES;
				CLANG_WARN_BOOL_CONVERSION = YES;
				CLANG_WARN_COMMA = YES;
				CLANG_WARN_CONSTANT_CONVERSION = YES;
				CLANG_WARN_DEPRECATED_OBJC_IMPLEMENTATIONS = YES;
				CLANG_WARN_DIRECT_OBJC_ISA_USAGE = YES_ERROR;
				CLANG_WARN_DOCUMENTATION_COMMENTS = YES;
				CLANG_WARN_EMPTY_BODY = YES;
				CLANG_WARN_ENUM_CONVERSION = YES;
				CLANG_WARN_INFINITE_RECURSION = YES;
				CLANG_WARN_INT_CONVERSION = YES;
				CLANG_WARN_NON_LITERAL_NULL_CONVERSION = YES;
				CLANG_WARN_OBJC_IMPLICIT_RETAIN_SELF = YES;
				CLANG_WARN_OBJC_LITERAL_CONVERSION = YES;
				CLANG_WARN_OBJC_ROOT_CLASS = YES_ERROR;
				CLANG_WARN_QUOTED_INCLUDE_IN_FRAMEWORK_HEADER = YES;
				CLANG_WARN_RANGE_LOOP_ANALYSIS = YES;
				CLANG_WARN_STRICT_PROTOTYPES = YES;
				CLANG_WARN_SUSPICIOUS_MOVE = YES;
				CLANG_WARN_UNGUARDED_AVAILABILITY = YES_AGGRESSIVE;
				CLANG_WARN_UNREACHABLE_CODE = YES;
				CLANG_WARN__DUPLICATE_METHOD_MATCH = YES;
				COPY_PHASE_STRIP = NO;
				DEBUG_INFORMATION_FORMAT = dwarf;
				ENABLE_STRICT_OBJC_MSGSEND = YES;
				ENABLE_TESTABILITY = YES;
				ENABLE_USER_SCRIPT_SANDBOXING = YES;
				GCC_C_LANGUAGE_STANDARD = gnu17;
				GCC_DYNAMIC_NO_PIC = NO;
				GCC_NO_COMMON_BLOCKS = YES;
				GCC_OPTIMIZATION_LEVEL = 0;
				GCC_PREPROCESSOR_DEFINITIONS = (
					"DEBUG=1",
					"$(inherited)",
				);
				GCC_WARN_64_TO_32_BIT_CONVERSION = YES;
				GCC_WARN_ABOUT_RETURN_TYPE = YES_ERROR;
				GCC_WARN_UNDECLARED_SELECTOR = YES;
				GCC_WARN_UNINITIALIZED_AUTOS = YES_AGGRESSIVE;
				GCC_WARN_UNUSED_FUNCTION = YES;
				GCC_WARN_UNUSED_VARIABLE = YES;
				IPHONEOS_DEPLOYMENT_TARGET = 17.0;
				LOCALIZATION_PREFERS_STRING_CATALOGS = YES;
				MTL_ENABLE_DEBUG_INFO = INCLUDE_SOURCE;
				MTL_FAST_MATH = YES;
				ONLY_ACTIVE_ARCH = YES;
				SDKROOT = iphoneos;
				SWIFT_ACTIVE_COMPILATION_CONDITIONS = "DEBUG $(inherited)";
				SWIFT_OPTIMIZATION_LEVEL = "-Onone";
			};
			name = Debug;
		};
		706541F72B2EC78500A63E94 /* Release */ = {
			isa = XCBuildConfiguration;
			buildSettings = {
				ALWAYS_SEARCH_USER_PATHS = NO;
				ASSETCATALOG_COMPILER_GENERATE_SWIFT_ASSET_SYMBOL_EXTENSIONS = YES;
				CLANG_ANALYZER_NONNULL = YES;
				CLANG_ANALYZER_NUMBER_OBJECT_CONVERSION = YES_AGGRESSIVE;
				CLANG_CXX_LANGUAGE_STANDARD = "gnu++20";
				CLANG_ENABLE_MODULES = YES;
				CLANG_ENABLE_OBJC_ARC = YES;
				CLANG_ENABLE_OBJC_WEAK = YES;
				CLANG_WARN_BLOCK_CAPTURE_AUTORELEASING = YES;
				CLANG_WARN_BOOL_CONVERSION = YES;
				CLANG_WARN_COMMA = YES;
				CLANG_WARN_CONSTANT_CONVERSION = YES;
				CLANG_WARN_DEPRECATED_OBJC_IMPLEMENTATIONS = YES;
				CLANG_WARN_DIRECT_OBJC_ISA_USAGE = YES_ERROR;
				CLANG_WARN_DOCUMENTATION_COMMENTS = YES;
				CLANG_WARN_EMPTY_BODY = YES;
				CLANG_WARN_ENUM_CONVERSION = YES;
				CLANG_WARN_INFINITE_RECURSION = YES;
				CLANG_WARN_INT_CONVERSION = YES;
				CLANG_WARN_NON_LITERAL_NULL_CONVERSION = YES;
				CLANG_WARN_OBJC_IMPLICIT_RETAIN_SELF = YES;
				CLANG_WARN_OBJC_LITERAL_CONVERSION = YES;
				CLANG_WARN_OBJC_ROOT_CLASS = YES_ERROR;
				CLANG_WARN_QUOTED_INCLUDE_IN_FRAMEWORK_HEADER = YES;
				CLANG_WARN_RANGE_LOOP_ANALYSIS = YES;
				CLANG_WARN_STRICT_PROTOTYPES = YES;
				CLANG_WARN_SUSPICIOUS_MOVE = YES;
				CLANG_WARN_UNGUARDED_AVAILABILITY = YES_AGGRESSIVE;
				CLANG_WARN_UNREACHABLE_CODE = YES;
				CLANG_WARN__DUPLICATE_METHOD_MATCH = YES;
				COPY_PHASE_STRIP = NO;
				DEBUG_INFORMATION_FORMAT = "dwarf-with-dsym";
				ENABLE_NS_ASSERTIONS = NO;
				ENABLE_STRICT_OBJC_MSGSEND = YES;
				ENABLE_USER_SCRIPT_SANDBOXING = YES;
				GCC_C_LANGUAGE_STANDARD = gnu17;
				GCC_NO_COMMON_BLOCKS = YES;
				GCC_WARN_64_TO_32_BIT_CONVERSION = YES;
				GCC_WARN_ABOUT_RETURN_TYPE = YES_ERROR;
				GCC_WARN_UNDECLARED_SELECTOR = YES;
				GCC_WARN_UNINITIALIZED_AUTOS = YES_AGGRESSIVE;
				GCC_WARN_UNUSED_FUNCTION = YES;
				GCC_WARN_UNUSED_VARIABLE = YES;
				IPHONEOS_DEPLOYMENT_TARGET = 17.0;
				LOCALIZATION_PREFERS_STRING_CATALOGS = YES;
				MTL_ENABLE_DEBUG_INFO = NO;
				MTL_FAST_MATH = YES;
				SDKROOT = iphoneos;
				SWIFT_COMPILATION_MODE = wholemodule;
				VALIDATE_PRODUCT = YES;
			};
			name = Release;
		};
		706541F92B2EC78500A63E94 /* Debug */ = {
			isa = XCBuildConfiguration;
			buildSettings = {
				ASSETCATALOG_COMPILER_APPICON_NAME = AppIcon;
				ASSETCATALOG_COMPILER_GLOBAL_ACCENT_COLOR_NAME = AccentColor;
				CODE_SIGN_STYLE = Automatic;
				CURRENT_PROJECT_VERSION = 1;
				DEVELOPMENT_TEAM = TTA2QQAA87;
				GENERATE_INFOPLIST_FILE = YES;
				INFOPLIST_FILE = RickAndMorty/Info.plist;
				INFOPLIST_KEY_UIApplicationSupportsIndirectInputEvents = YES;
				INFOPLIST_KEY_UILaunchStoryboardName = LaunchScreen;
				INFOPLIST_KEY_UISupportedInterfaceOrientations_iPad = "UIInterfaceOrientationPortrait UIInterfaceOrientationPortraitUpsideDown UIInterfaceOrientationLandscapeLeft UIInterfaceOrientationLandscapeRight";
				INFOPLIST_KEY_UISupportedInterfaceOrientations_iPhone = "UIInterfaceOrientationPortrait UIInterfaceOrientationLandscapeLeft UIInterfaceOrientationLandscapeRight";
				LD_RUNPATH_SEARCH_PATHS = (
					"$(inherited)",
					"@executable_path/Frameworks",
				);
				MARKETING_VERSION = 1.0;
				PRODUCT_BUNDLE_IDENTIFIER = com.dhandeep.RickAndMorty;
				PRODUCT_NAME = "$(TARGET_NAME)";
				SWIFT_EMIT_LOC_STRINGS = YES;
				SWIFT_VERSION = 5.0;
				TARGETED_DEVICE_FAMILY = "1,2";
			};
			name = Debug;
		};
		706541FA2B2EC78500A63E94 /* Release */ = {
			isa = XCBuildConfiguration;
			buildSettings = {
				ASSETCATALOG_COMPILER_APPICON_NAME = AppIcon;
				ASSETCATALOG_COMPILER_GLOBAL_ACCENT_COLOR_NAME = AccentColor;
				CODE_SIGN_STYLE = Automatic;
				CURRENT_PROJECT_VERSION = 1;
				DEVELOPMENT_TEAM = TTA2QQAA87;
				GENERATE_INFOPLIST_FILE = YES;
				INFOPLIST_FILE = RickAndMorty/Info.plist;
				INFOPLIST_KEY_UIApplicationSupportsIndirectInputEvents = YES;
				INFOPLIST_KEY_UILaunchStoryboardName = LaunchScreen;
				INFOPLIST_KEY_UISupportedInterfaceOrientations_iPad = "UIInterfaceOrientationPortrait UIInterfaceOrientationPortraitUpsideDown UIInterfaceOrientationLandscapeLeft UIInterfaceOrientationLandscapeRight";
				INFOPLIST_KEY_UISupportedInterfaceOrientations_iPhone = "UIInterfaceOrientationPortrait UIInterfaceOrientationLandscapeLeft UIInterfaceOrientationLandscapeRight";
				LD_RUNPATH_SEARCH_PATHS = (
					"$(inherited)",
					"@executable_path/Frameworks",
				);
				MARKETING_VERSION = 1.0;
				PRODUCT_BUNDLE_IDENTIFIER = com.dhandeep.RickAndMorty;
				PRODUCT_NAME = "$(TARGET_NAME)";
				SWIFT_EMIT_LOC_STRINGS = YES;
				SWIFT_VERSION = 5.0;
				TARGETED_DEVICE_FAMILY = "1,2";
			};
			name = Release;
		};
/* End XCBuildConfiguration section */

/* Begin XCConfigurationList section */
		706541DF2B2EC78400A63E94 /* Build configuration list for PBXProject "RickAndMorty" */ = {
			isa = XCConfigurationList;
			buildConfigurations = (
				706541F62B2EC78500A63E94 /* Debug */,
				706541F72B2EC78500A63E94 /* Release */,
			);
			defaultConfigurationIsVisible = 0;
			defaultConfigurationName = Release;
		};
		706541F82B2EC78500A63E94 /* Build configuration list for PBXNativeTarget "RickAndMorty" */ = {
			isa = XCConfigurationList;
			buildConfigurations = (
				706541F92B2EC78500A63E94 /* Debug */,
				706541FA2B2EC78500A63E94 /* Release */,
			);
			defaultConfigurationIsVisible = 0;
			defaultConfigurationName = Release;
		};
/* End XCConfigurationList section */
	};
	rootObject = 706541DC2B2EC78400A63E94 /* Project object */;
}
